
Microsoft Visual Studio Solution File, Format Version 12.00
# Visual Studio Version 17
VisualStudioVersion = 17.5.33627.172
MinimumVisualStudioVersion = 10.0.40219.1
Project("{9A19103F-16F7-4668-BE54-9A1E7A4F7556}") = "DataDictionary.Main", "DataDictionary.Main\DataDictionary.Main.csproj", "{043CCAA3-46A3-4651-A7E8-424870553371}"
EndProject
Project("{9A19103F-16F7-4668-BE54-9A1E7A4F7556}") = "Toolbox.DbContext", "Toolbox.DbContext\Toolbox.DbContext.csproj", "{0EBCF069-3E57-45B8-89B6-7585297033D7}"
EndProject
Project("{9A19103F-16F7-4668-BE54-9A1E7A4F7556}") = "Toolbox.Mediator", "Toolbox.Mediator\Toolbox.Mediator.csproj", "{33E8F9B7-B5C0-4739-9972-EA0D83BD442B}"
EndProject
Project("{9A19103F-16F7-4668-BE54-9A1E7A4F7556}") = "Toolbox.Threading", "Toolbox.Threading\Toolbox.Threading.csproj", "{BDE6F146-C6EB-44EB-AFF5-CC95411FDAE5}"
EndProject
Project("{9A19103F-16F7-4668-BE54-9A1E7A4F7556}") = "Toolbox.BindingTable", "Toolbox.BindingTable\Toolbox.BindingTable.csproj", "{CF009E42-1CD0-45B0-90A0-A65B99020BF2}"
EndProject
Project("{9A19103F-16F7-4668-BE54-9A1E7A4F7556}") = "DataDictionary.BusinessLayer", "DataDictionary.BusinessLayer\DataDictionary.BusinessLayer.csproj", "{04CFFC50-390E-46F8-B826-101C69F91504}"
EndProject
Project("{9A19103F-16F7-4668-BE54-9A1E7A4F7556}") = "DataDictionary.DataLayer", "DataDictionary.DataLayer\DataDictionary.DataLayer.csproj", "{2CF14A62-E446-411D-9E98-B6297248BDB7}"
EndProject
Project("{9A19103F-16F7-4668-BE54-9A1E7A4F7556}") = "DataDictionary.DataLayerTests", "DataDictionary.DataLayerTests\DataDictionary.DataLayerTests.csproj", "{453C6EB5-F6F7-4188-A057-AF9FEEF35C85}"
EndProject
Project("{9A19103F-16F7-4668-BE54-9A1E7A4F7556}") = "Toolbox.ThreadingTests", "Toolbox.ThreadingTests\Toolbox.ThreadingTests.csproj", "{639611E1-10D9-4F57-BC27-811C2E0B6E62}"
EndProject
Project("{9A19103F-16F7-4668-BE54-9A1E7A4F7556}") = "Toolbox.DbContextTests", "Toolbox.DbContextTests\Toolbox.DbContextTests.csproj", "{B9581886-8A93-4AB3-A73E-7853474C84FF}"
EndProject
Project("{FAE04EC0-301F-11D3-BF4B-00C04F79EFBC}") = "Toolbox.BindingTableTests", "Toolbox.BindingTableTests\Toolbox.BindingTableTests.csproj", "{831E365C-EA80-41A9-802D-ED3633B7B8FD}"
EndProject
Global
	GlobalSection(SolutionConfigurationPlatforms) = preSolution
		Debug|Any CPU = Debug|Any CPU
		Release|Any CPU = Release|Any CPU
	EndGlobalSection
	GlobalSection(ProjectConfigurationPlatforms) = postSolution
		{043CCAA3-46A3-4651-A7E8-424870553371}.Debug|Any CPU.ActiveCfg = Debug|Any CPU
		{043CCAA3-46A3-4651-A7E8-424870553371}.Debug|Any CPU.Build.0 = Debug|Any CPU
		{043CCAA3-46A3-4651-A7E8-424870553371}.Release|Any CPU.ActiveCfg = Release|Any CPU
		{043CCAA3-46A3-4651-A7E8-424870553371}.Release|Any CPU.Build.0 = Release|Any CPU
		{0EBCF069-3E57-45B8-89B6-7585297033D7}.Debug|Any CPU.ActiveCfg = Debug|Any CPU
		{0EBCF069-3E57-45B8-89B6-7585297033D7}.Debug|Any CPU.Build.0 = Debug|Any CPU
		{0EBCF069-3E57-45B8-89B6-7585297033D7}.Release|Any CPU.ActiveCfg = Release|Any CPU
		{0EBCF069-3E57-45B8-89B6-7585297033D7}.Release|Any CPU.Build.0 = Release|Any CPU
		{33E8F9B7-B5C0-4739-9972-EA0D83BD442B}.Debug|Any CPU.ActiveCfg = Debug|Any CPU
		{33E8F9B7-B5C0-4739-9972-EA0D83BD442B}.Debug|Any CPU.Build.0 = Debug|Any CPU
		{33E8F9B7-B5C0-4739-9972-EA0D83BD442B}.Release|Any CPU.ActiveCfg = Release|Any CPU
		{33E8F9B7-B5C0-4739-9972-EA0D83BD442B}.Release|Any CPU.Build.0 = Release|Any CPU
		{BDE6F146-C6EB-44EB-AFF5-CC95411FDAE5}.Debug|Any CPU.ActiveCfg = Debug|Any CPU
		{BDE6F146-C6EB-44EB-AFF5-CC95411FDAE5}.Debug|Any CPU.Build.0 = Debug|Any CPU
		{BDE6F146-C6EB-44EB-AFF5-CC95411FDAE5}.Release|Any CPU.ActiveCfg = Release|Any CPU
		{BDE6F146-C6EB-44EB-AFF5-CC95411FDAE5}.Release|Any CPU.Build.0 = Release|Any CPU
		{CF009E42-1CD0-45B0-90A0-A65B99020BF2}.Debug|Any CPU.ActiveCfg = Debug|Any CPU
		{CF009E42-1CD0-45B0-90A0-A65B99020BF2}.Debug|Any CPU.Build.0 = Debug|Any CPU
		{CF009E42-1CD0-45B0-90A0-A65B99020BF2}.Release|Any CPU.ActiveCfg = Release|Any CPU
		{CF009E42-1CD0-45B0-90A0-A65B99020BF2}.Release|Any CPU.Build.0 = Release|Any CPU
		{04CFFC50-390E-46F8-B826-101C69F91504}.Debug|Any CPU.ActiveCfg = Debug|Any CPU
		{04CFFC50-390E-46F8-B826-101C69F91504}.Debug|Any CPU.Build.0 = Debug|Any CPU
		{04CFFC50-390E-46F8-B826-101C69F91504}.Release|Any CPU.ActiveCfg = Release|Any CPU
		{04CFFC50-390E-46F8-B826-101C69F91504}.Release|Any CPU.Build.0 = Release|Any CPU
		{2CF14A62-E446-411D-9E98-B6297248BDB7}.Debug|Any CPU.ActiveCfg = Debug|Any CPU
		{2CF14A62-E446-411D-9E98-B6297248BDB7}.Debug|Any CPU.Build.0 = Debug|Any CPU
		{2CF14A62-E446-411D-9E98-B6297248BDB7}.Release|Any CPU.ActiveCfg = Release|Any CPU
		{2CF14A62-E446-411D-9E98-B6297248BDB7}.Release|Any CPU.Build.0 = Release|Any CPU
		{453C6EB5-F6F7-4188-A057-AF9FEEF35C85}.Debug|Any CPU.ActiveCfg = Debug|Any CPU
		{453C6EB5-F6F7-4188-A057-AF9FEEF35C85}.Debug|Any CPU.Build.0 = Debug|Any CPU
		{453C6EB5-F6F7-4188-A057-AF9FEEF35C85}.Release|Any CPU.ActiveCfg = Release|Any CPU
		{453C6EB5-F6F7-4188-A057-AF9FEEF35C85}.Release|Any CPU.Build.0 = Release|Any CPU
		{639611E1-10D9-4F57-BC27-811C2E0B6E62}.Debug|Any CPU.ActiveCfg = Debug|Any CPU
		{639611E1-10D9-4F57-BC27-811C2E0B6E62}.Debug|Any CPU.Build.0 = Debug|Any CPU
		{639611E1-10D9-4F57-BC27-811C2E0B6E62}.Release|Any CPU.ActiveCfg = Release|Any CPU
		{639611E1-10D9-4F57-BC27-811C2E0B6E62}.Release|Any CPU.Build.0 = Release|Any CPU
		{B9581886-8A93-4AB3-A73E-7853474C84FF}.Debug|Any CPU.ActiveCfg = Debug|Any CPU
		{B9581886-8A93-4AB3-A73E-7853474C84FF}.Debug|Any CPU.Build.0 = Debug|Any CPU
		{B9581886-8A93-4AB3-A73E-7853474C84FF}.Release|Any CPU.ActiveCfg = Release|Any CPU
		{B9581886-8A93-4AB3-A73E-7853474C84FF}.Release|Any CPU.Build.0 = Release|Any CPU
		{831E365C-EA80-41A9-802D-ED3633B7B8FD}.Debug|Any CPU.ActiveCfg = Debug|Any CPU
		{831E365C-EA80-41A9-802D-ED3633B7B8FD}.Debug|Any CPU.Build.0 = Debug|Any CPU
		{831E365C-EA80-41A9-802D-ED3633B7B8FD}.Release|Any CPU.ActiveCfg = Release|Any CPU
		{831E365C-EA80-41A9-802D-ED3633B7B8FD}.Release|Any CPU.Build.0 = Release|Any CPU
	EndGlobalSection
	GlobalSection(SolutionProperties) = preSolution
		HideSolutionNode = FALSE
	EndGlobalSection
	GlobalSection(ExtensibilityGlobals) = postSolution
		SolutionGuid = {F3D6CEA2-421A-4ED1-9115-F8DB0C37C450}
	EndGlobalSection
EndGlobal
